// !$*UTF8*$!
{
	archiveVersion = 1;
	classes = {
	};
	objectVersion = 46;
	objects = {

/* Begin PBXBuildFile section */
		947318B41BD3E4A5007189D7 /* AppDelegate.swift in Sources */ = {isa = PBXBuildFile; fileRef = 947318B31BD3E4A5007189D7 /* AppDelegate.swift */; };
		947318B61BD3E4A5007189D7 /* ViewController.swift in Sources */ = {isa = PBXBuildFile; fileRef = 947318B51BD3E4A5007189D7 /* ViewController.swift */; };
		947318B91BD3E4A5007189D7 /* Main.storyboard in Resources */ = {isa = PBXBuildFile; fileRef = 947318B71BD3E4A5007189D7 /* Main.storyboard */; };
		947318BC1BD3E4A5007189D7 /* TutorialAppGroup.xcdatamodeld in Sources */ = {isa = PBXBuildFile; fileRef = 947318BA1BD3E4A5007189D7 /* TutorialAppGroup.xcdatamodeld */; };
		947318BE1BD3E4A5007189D7 /* Assets.xcassets in Resources */ = {isa = PBXBuildFile; fileRef = 947318BD1BD3E4A5007189D7 /* Assets.xcassets */; };
		947318C11BD3E4A5007189D7 /* LaunchScreen.storyboard in Resources */ = {isa = PBXBuildFile; fileRef = 947318BF1BD3E4A5007189D7 /* LaunchScreen.storyboard */; };
		947318CF1BD3E583007189D7 /* NotificationCenter.framework in Frameworks */ = {isa = PBXBuildFile; fileRef = 947318CE1BD3E583007189D7 /* NotificationCenter.framework */; settings = {ASSET_TAGS = (); }; };
		947318D21BD3E583007189D7 /* TodayViewController.swift in Sources */ = {isa = PBXBuildFile; fileRef = 947318D11BD3E583007189D7 /* TodayViewController.swift */; };
		947318D51BD3E583007189D7 /* MainInterface.storyboard in Resources */ = {isa = PBXBuildFile; fileRef = 947318D31BD3E583007189D7 /* MainInterface.storyboard */; };
		947318D91BD3E583007189D7 /* TutorialAppGroup Today Extension.appex in Embed App Extensions */ = {isa = PBXBuildFile; fileRef = 947318CC1BD3E583007189D7 /* TutorialAppGroup Today Extension.appex */; settings = {ATTRIBUTES = (RemoveHeadersOnCopy, ); }; };
		947318E51BD3E5F2007189D7 /* InterfaceController.swift in Sources */ = {isa = PBXBuildFile; fileRef = 947318E41BD3E5F2007189D7 /* InterfaceController.swift */; };
		947318E71BD3E5F2007189D7 /* Assets.xcassets in Resources */ = {isa = PBXBuildFile; fileRef = 947318E61BD3E5F2007189D7 /* Assets.xcassets */; };
		947318EC1BD3E5F2007189D7 /* TutorialAppGroup WatchKit 1 App.app in Resources */ = {isa = PBXBuildFile; fileRef = 947318EB1BD3E5F2007189D7 /* TutorialAppGroup WatchKit 1 App.app */; };
		947318F21BD3E5F2007189D7 /* Interface.storyboard in Resources */ = {isa = PBXBuildFile; fileRef = 947318F01BD3E5F2007189D7 /* Interface.storyboard */; };
		947318F41BD3E5F2007189D7 /* Assets.xcassets in Resources */ = {isa = PBXBuildFile; fileRef = 947318F31BD3E5F2007189D7 /* Assets.xcassets */; };
		947318F81BD3E5F2007189D7 /* TutorialAppGroup WatchKit 1 Extension.appex in Embed App Extensions */ = {isa = PBXBuildFile; fileRef = 947318E21BD3E5F2007189D7 /* TutorialAppGroup WatchKit 1 Extension.appex */; settings = {ATTRIBUTES = (RemoveHeadersOnCopy, ); }; };
		947319031BD3F295007189D7 /* TutorialAppGroup.xcdatamodeld in Sources */ = {isa = PBXBuildFile; fileRef = 947318BA1BD3E4A5007189D7 /* TutorialAppGroup.xcdatamodeld */; settings = {ASSET_TAGS = (); }; };
		947319041BD3F296007189D7 /* TutorialAppGroup.xcdatamodeld in Sources */ = {isa = PBXBuildFile; fileRef = 947318BA1BD3E4A5007189D7 /* TutorialAppGroup.xcdatamodeld */; settings = {ASSET_TAGS = (); }; };
		947319071BD3F2E4007189D7 /* CoreDataStorage.swift in Sources */ = {isa = PBXBuildFile; fileRef = 947319061BD3F2E4007189D7 /* CoreDataStorage.swift */; settings = {ASSET_TAGS = (); }; };
		947319081BD3F2E4007189D7 /* CoreDataStorage.swift in Sources */ = {isa = PBXBuildFile; fileRef = 947319061BD3F2E4007189D7 /* CoreDataStorage.swift */; settings = {ASSET_TAGS = (); }; };
		947319091BD3F2E4007189D7 /* CoreDataStorage.swift in Sources */ = {isa = PBXBuildFile; fileRef = 947319061BD3F2E4007189D7 /* CoreDataStorage.swift */; settings = {ASSET_TAGS = (); }; };
		9473190C1BD3F513007189D7 /* Counter+CoreDataProperties.swift in Sources */ = {isa = PBXBuildFile; fileRef = 9473190A1BD3F513007189D7 /* Counter+CoreDataProperties.swift */; settings = {ASSET_TAGS = (); }; };
		9473190D1BD3F513007189D7 /* Counter+CoreDataProperties.swift in Sources */ = {isa = PBXBuildFile; fileRef = 9473190A1BD3F513007189D7 /* Counter+CoreDataProperties.swift */; settings = {ASSET_TAGS = (); }; };
		9473190E1BD3F513007189D7 /* Counter+CoreDataProperties.swift in Sources */ = {isa = PBXBuildFile; fileRef = 9473190A1BD3F513007189D7 /* Counter+CoreDataProperties.swift */; settings = {ASSET_TAGS = (); }; };
		9473190F1BD3F513007189D7 /* Counter.swift in Sources */ = {isa = PBXBuildFile; fileRef = 9473190B1BD3F513007189D7 /* Counter.swift */; settings = {ASSET_TAGS = (); }; };
		947319101BD3F513007189D7 /* Counter.swift in Sources */ = {isa = PBXBuildFile; fileRef = 9473190B1BD3F513007189D7 /* Counter.swift */; settings = {ASSET_TAGS = (); }; };
		947319111BD3F513007189D7 /* Counter.swift in Sources */ = {isa = PBXBuildFile; fileRef = 9473190B1BD3F513007189D7 /* Counter.swift */; settings = {ASSET_TAGS = (); }; };
/* End PBXBuildFile section */

/* Begin PBXContainerItemProxy section */
		947318D71BD3E583007189D7 /* PBXContainerItemProxy */ = {
			isa = PBXContainerItemProxy;
			containerPortal = 947318A81BD3E4A5007189D7 /* Project object */;
			proxyType = 1;
			remoteGlobalIDString = 947318CB1BD3E583007189D7;
			remoteInfo = "Tutorial App Group Today Extension";
		};
		947318ED1BD3E5F2007189D7 /* PBXContainerItemProxy */ = {
			isa = PBXContainerItemProxy;
			containerPortal = 947318A81BD3E4A5007189D7 /* Project object */;
			proxyType = 1;
			remoteGlobalIDString = 947318EA1BD3E5F2007189D7;
			remoteInfo = "TutorialAppGroup WatchKit 1 App";
		};
		947318F61BD3E5F2007189D7 /* PBXContainerItemProxy */ = {
			isa = PBXContainerItemProxy;
			containerPortal = 947318A81BD3E4A5007189D7 /* Project object */;
			proxyType = 1;
			remoteGlobalIDString = 947318E11BD3E5F2007189D7;
			remoteInfo = "TutorialAppGroup WatchKit 1 Extension";
		};
/* End PBXContainerItemProxy section */

/* Begin PBXCopyFilesBuildPhase section */
		947318DD1BD3E583007189D7 /* Embed App Extensions */ = {
			isa = PBXCopyFilesBuildPhase;
			buildActionMask = 2147483647;
			dstPath = "";
			dstSubfolderSpec = 13;
			files = (
				947318F81BD3E5F2007189D7 /* TutorialAppGroup WatchKit 1 Extension.appex in Embed App Extensions */,
				947318D91BD3E583007189D7 /* TutorialAppGroup Today Extension.appex in Embed App Extensions */,
			);
			name = "Embed App Extensions";
			runOnlyForDeploymentPostprocessing = 0;
		};
/* End PBXCopyFilesBuildPhase section */

/* Begin PBXFileReference section */
		947318B01BD3E4A5007189D7 /* TutorialAppGroup.app */ = {isa = PBXFileReference; explicitFileType = wrapper.application; includeInIndex = 0; path = TutorialAppGroup.app; sourceTree = BUILT_PRODUCTS_DIR; };
		947318B31BD3E4A5007189D7 /* AppDelegate.swift */ = {isa = PBXFileReference; lastKnownFileType = sourcecode.swift; path = AppDelegate.swift; sourceTree = "<group>"; };
		947318B51BD3E4A5007189D7 /* ViewController.swift */ = {isa = PBXFileReference; lastKnownFileType = sourcecode.swift; path = ViewController.swift; sourceTree = "<group>"; };
		947318B81BD3E4A5007189D7 /* Base */ = {isa = PBXFileReference; lastKnownFileType = file.storyboard; name = Base; path = Base.lproj/Main.storyboard; sourceTree = "<group>"; };
		947318BB1BD3E4A5007189D7 /* TutorialAppGroup.xcdatamodel */ = {isa = PBXFileReference; lastKnownFileType = wrapper.xcdatamodel; path = TutorialAppGroup.xcdatamodel; sourceTree = "<group>"; };
		947318BD1BD3E4A5007189D7 /* Assets.xcassets */ = {isa = PBXFileReference; lastKnownFileType = folder.assetcatalog; path = Assets.xcassets; sourceTree = "<group>"; };
		947318C01BD3E4A5007189D7 /* Base */ = {isa = PBXFileReference; lastKnownFileType = file.storyboard; name = Base; path = Base.lproj/LaunchScreen.storyboard; sourceTree = "<group>"; };
		947318C21BD3E4A5007189D7 /* Info.plist */ = {isa = PBXFileReference; lastKnownFileType = text.plist.xml; path = Info.plist; sourceTree = "<group>"; };
		947318CC1BD3E583007189D7 /* TutorialAppGroup Today Extension.appex */ = {isa = PBXFileReference; explicitFileType = "wrapper.app-extension"; includeInIndex = 0; path = "TutorialAppGroup Today Extension.appex"; sourceTree = BUILT_PRODUCTS_DIR; };
		947318CE1BD3E583007189D7 /* NotificationCenter.framework */ = {isa = PBXFileReference; lastKnownFileType = wrapper.framework; name = NotificationCenter.framework; path = System/Library/Frameworks/NotificationCenter.framework; sourceTree = SDKROOT; };
		947318D11BD3E583007189D7 /* TodayViewController.swift */ = {isa = PBXFileReference; lastKnownFileType = sourcecode.swift; path = TodayViewController.swift; sourceTree = "<group>"; };
		947318D41BD3E583007189D7 /* Base */ = {isa = PBXFileReference; lastKnownFileType = file.storyboard; name = Base; path = Base.lproj/MainInterface.storyboard; sourceTree = "<group>"; };
		947318D61BD3E583007189D7 /* Info.plist */ = {isa = PBXFileReference; lastKnownFileType = text.plist.xml; path = Info.plist; sourceTree = "<group>"; };
		947318E21BD3E5F2007189D7 /* TutorialAppGroup WatchKit 1 Extension.appex */ = {isa = PBXFileReference; explicitFileType = "wrapper.app-extension"; includeInIndex = 0; path = "TutorialAppGroup WatchKit 1 Extension.appex"; sourceTree = BUILT_PRODUCTS_DIR; };
		947318E41BD3E5F2007189D7 /* InterfaceController.swift */ = {isa = PBXFileReference; lastKnownFileType = sourcecode.swift; path = InterfaceController.swift; sourceTree = "<group>"; };
		947318E61BD3E5F2007189D7 /* Assets.xcassets */ = {isa = PBXFileReference; lastKnownFileType = folder.assetcatalog; path = Assets.xcassets; sourceTree = "<group>"; };
		947318E81BD3E5F2007189D7 /* Info.plist */ = {isa = PBXFileReference; lastKnownFileType = text.plist.xml; path = Info.plist; sourceTree = "<group>"; };
		947318EB1BD3E5F2007189D7 /* TutorialAppGroup WatchKit 1 App.app */ = {isa = PBXFileReference; explicitFileType = wrapper.application; includeInIndex = 0; path = "TutorialAppGroup WatchKit 1 App.app"; sourceTree = BUILT_PRODUCTS_DIR; };
		947318F11BD3E5F2007189D7 /* Base */ = {isa = PBXFileReference; lastKnownFileType = file.storyboard; name = Base; path = Base.lproj/Interface.storyboard; sourceTree = "<group>"; };
		947318F31BD3E5F2007189D7 /* Assets.xcassets */ = {isa = PBXFileReference; lastKnownFileType = folder.assetcatalog; path = Assets.xcassets; sourceTree = "<group>"; };
		947318F51BD3E5F2007189D7 /* Info.plist */ = {isa = PBXFileReference; lastKnownFileType = text.plist.xml; path = Info.plist; sourceTree = "<group>"; };
		947318FF1BD3E9E5007189D7 /* TutorialAppGroup.entitlements */ = {isa = PBXFileReference; lastKnownFileType = text.xml; path = TutorialAppGroup.entitlements; sourceTree = "<group>"; };
		947319001BD3EA08007189D7 /* TutorialAppGroup Today Extension.entitlements */ = {isa = PBXFileReference; lastKnownFileType = text.xml; path = "TutorialAppGroup Today Extension.entitlements"; sourceTree = "<group>"; };
		947319011BD3EA14007189D7 /* TutorialAppGroup WatchKit 1 Extension.entitlements */ = {isa = PBXFileReference; lastKnownFileType = text.xml; path = "TutorialAppGroup WatchKit 1 Extension.entitlements"; sourceTree = "<group>"; };
		947319021BD3EA22007189D7 /* TutorialAppGroup WatchKit 1 App.entitlements */ = {isa = PBXFileReference; lastKnownFileType = text.xml; path = "TutorialAppGroup WatchKit 1 App.entitlements"; sourceTree = "<group>"; };
		947319061BD3F2E4007189D7 /* CoreDataStorage.swift */ = {isa = PBXFileReference; fileEncoding = 4; lastKnownFileType = sourcecode.swift; path = CoreDataStorage.swift; sourceTree = "<group>"; };
		9473190A1BD3F513007189D7 /* Counter+CoreDataProperties.swift */ = {isa = PBXFileReference; fileEncoding = 4; lastKnownFileType = sourcecode.swift; path = "Counter+CoreDataProperties.swift"; sourceTree = "<group>"; };
		9473190B1BD3F513007189D7 /* Counter.swift */ = {isa = PBXFileReference; fileEncoding = 4; lastKnownFileType = sourcecode.swift; path = Counter.swift; sourceTree = "<group>"; };
/* End PBXFileReference section */

/* Begin PBXFrameworksBuildPhase section */
		947318AD1BD3E4A5007189D7 /* Frameworks */ = {
			isa = PBXFrameworksBuildPhase;
			buildActionMask = 2147483647;
			files = (
			);
			runOnlyForDeploymentPostprocessing = 0;
		};
		947318C91BD3E583007189D7 /* Frameworks */ = {
			isa = PBXFrameworksBuildPhase;
			buildActionMask = 2147483647;
			files = (
				947318CF1BD3E583007189D7 /* NotificationCenter.framework in Frameworks */,
			);
			runOnlyForDeploymentPostprocessing = 0;
		};
		947318DF1BD3E5F2007189D7 /* Frameworks */ = {
			isa = PBXFrameworksBuildPhase;
			buildActionMask = 2147483647;
			files = (
			);
			runOnlyForDeploymentPostprocessing = 0;
		};
/* End PBXFrameworksBuildPhase section */

/* Begin PBXGroup section */
		947318A71BD3E4A5007189D7 = {
			isa = PBXGroup;
			children = (
				947319051BD3F2CE007189D7 /* Shared */,
				947318B21BD3E4A5007189D7 /* TutorialAppGroup */,
				947318D01BD3E583007189D7 /* TutorialAppGroup Today Extension */,
				947318E31BD3E5F2007189D7 /* TutorialAppGroup WatchKit 1 Extension */,
				947318EF1BD3E5F2007189D7 /* TutorialAppGroup WatchKit 1 App */,
				947318CD1BD3E583007189D7 /* Frameworks */,
				947318B11BD3E4A5007189D7 /* Products */,
			);
			sourceTree = "<group>";
		};
		947318B11BD3E4A5007189D7 /* Products */ = {
			isa = PBXGroup;
			children = (
				947318B01BD3E4A5007189D7 /* TutorialAppGroup.app */,
				947318CC1BD3E583007189D7 /* TutorialAppGroup Today Extension.appex */,
				947318E21BD3E5F2007189D7 /* TutorialAppGroup WatchKit 1 Extension.appex */,
				947318EB1BD3E5F2007189D7 /* TutorialAppGroup WatchKit 1 App.app */,
			);
			name = Products;
			sourceTree = "<group>";
		};
		947318B21BD3E4A5007189D7 /* TutorialAppGroup */ = {
			isa = PBXGroup;
			children = (
				947318FF1BD3E9E5007189D7 /* TutorialAppGroup.entitlements */,
				947318B31BD3E4A5007189D7 /* AppDelegate.swift */,
				947318B51BD3E4A5007189D7 /* ViewController.swift */,
				947318B71BD3E4A5007189D7 /* Main.storyboard */,
				947318BD1BD3E4A5007189D7 /* Assets.xcassets */,
				947318BF1BD3E4A5007189D7 /* LaunchScreen.storyboard */,
				947318C21BD3E4A5007189D7 /* Info.plist */,
				947318BA1BD3E4A5007189D7 /* TutorialAppGroup.xcdatamodeld */,
			);
			path = TutorialAppGroup;
			sourceTree = "<group>";
		};
		947318CD1BD3E583007189D7 /* Frameworks */ = {
			isa = PBXGroup;
			children = (
				947318CE1BD3E583007189D7 /* NotificationCenter.framework */,
			);
			name = Frameworks;
			sourceTree = "<group>";
		};
		947318D01BD3E583007189D7 /* TutorialAppGroup Today Extension */ = {
			isa = PBXGroup;
			children = (
				947319001BD3EA08007189D7 /* TutorialAppGroup Today Extension.entitlements */,
				947318D11BD3E583007189D7 /* TodayViewController.swift */,
				947318D31BD3E583007189D7 /* MainInterface.storyboard */,
				947318D61BD3E583007189D7 /* Info.plist */,
			);
			path = "TutorialAppGroup Today Extension";
			sourceTree = "<group>";
		};
		947318E31BD3E5F2007189D7 /* TutorialAppGroup WatchKit 1 Extension */ = {
			isa = PBXGroup;
			children = (
				947319011BD3EA14007189D7 /* TutorialAppGroup WatchKit 1 Extension.entitlements */,
				947318E41BD3E5F2007189D7 /* InterfaceController.swift */,
				947318E61BD3E5F2007189D7 /* Assets.xcassets */,
				947318E81BD3E5F2007189D7 /* Info.plist */,
			);
			path = "TutorialAppGroup WatchKit 1 Extension";
			sourceTree = "<group>";
		};
		947318EF1BD3E5F2007189D7 /* TutorialAppGroup WatchKit 1 App */ = {
			isa = PBXGroup;
			children = (
				947319021BD3EA22007189D7 /* TutorialAppGroup WatchKit 1 App.entitlements */,
				947318F01BD3E5F2007189D7 /* Interface.storyboard */,
				947318F31BD3E5F2007189D7 /* Assets.xcassets */,
				947318F51BD3E5F2007189D7 /* Info.plist */,
			);
			path = "TutorialAppGroup WatchKit 1 App";
			sourceTree = "<group>";
		};
		947319051BD3F2CE007189D7 /* Shared */ = {
			isa = PBXGroup;
			children = (
				947319061BD3F2E4007189D7 /* CoreDataStorage.swift */,
				9473190A1BD3F513007189D7 /* Counter+CoreDataProperties.swift */,
				9473190B1BD3F513007189D7 /* Counter.swift */,
			);
			path = Shared;
			sourceTree = "<group>";
		};
/* End PBXGroup section */

/* Begin PBXNativeTarget section */
		947318AF1BD3E4A5007189D7 /* TutorialAppGroup */ = {
			isa = PBXNativeTarget;
			buildConfigurationList = 947318C51BD3E4A5007189D7 /* Build configuration list for PBXNativeTarget "TutorialAppGroup" */;
			buildPhases = (
				947318AC1BD3E4A5007189D7 /* Sources */,
				947318AD1BD3E4A5007189D7 /* Frameworks */,
				947318AE1BD3E4A5007189D7 /* Resources */,
				947318DD1BD3E583007189D7 /* Embed App Extensions */,
			);
			buildRules = (
			);
			dependencies = (
				947318D81BD3E583007189D7 /* PBXTargetDependency */,
				947318F71BD3E5F2007189D7 /* PBXTargetDependency */,
			);
			name = TutorialAppGroup;
			productName = TutorialAppGroup;
			productReference = 947318B01BD3E4A5007189D7 /* TutorialAppGroup.app */;
			productType = "com.apple.product-type.application";
		};
		947318CB1BD3E583007189D7 /* TutorialAppGroup Today Extension */ = {
			isa = PBXNativeTarget;
			buildConfigurationList = 947318DA1BD3E583007189D7 /* Build configuration list for PBXNativeTarget "TutorialAppGroup Today Extension" */;
			buildPhases = (
				947318C81BD3E583007189D7 /* Sources */,
				947318C91BD3E583007189D7 /* Frameworks */,
				947318CA1BD3E583007189D7 /* Resources */,
			);
			buildRules = (
			);
			dependencies = (
			);
			name = "TutorialAppGroup Today Extension";
			productName = "Tutorial App Group Today Extension";
			productReference = 947318CC1BD3E583007189D7 /* TutorialAppGroup Today Extension.appex */;
			productType = "com.apple.product-type.app-extension";
		};
		947318E11BD3E5F2007189D7 /* TutorialAppGroup WatchKit 1 Extension */ = {
			isa = PBXNativeTarget;
			buildConfigurationList = 947318FC1BD3E5F2007189D7 /* Build configuration list for PBXNativeTarget "TutorialAppGroup WatchKit 1 Extension" */;
			buildPhases = (
				947318DE1BD3E5F2007189D7 /* Sources */,
				947318DF1BD3E5F2007189D7 /* Frameworks */,
				947318E01BD3E5F2007189D7 /* Resources */,
			);
			buildRules = (
			);
			dependencies = (
				947318EE1BD3E5F2007189D7 /* PBXTargetDependency */,
			);
			name = "TutorialAppGroup WatchKit 1 Extension";
			productName = "TutorialAppGroup WatchKit 1 Extension";
			productReference = 947318E21BD3E5F2007189D7 /* TutorialAppGroup WatchKit 1 Extension.appex */;
			productType = "com.apple.product-type.watchkit-extension";
		};
		947318EA1BD3E5F2007189D7 /* TutorialAppGroup WatchKit 1 App */ = {
			isa = PBXNativeTarget;
			buildConfigurationList = 947318F91BD3E5F2007189D7 /* Build configuration list for PBXNativeTarget "TutorialAppGroup WatchKit 1 App" */;
			buildPhases = (
				947318E91BD3E5F2007189D7 /* Resources */,
			);
			buildRules = (
			);
			dependencies = (
			);
			name = "TutorialAppGroup WatchKit 1 App";
			productName = "TutorialAppGroup WatchKit 1 App";
			productReference = 947318EB1BD3E5F2007189D7 /* TutorialAppGroup WatchKit 1 App.app */;
			productType = "com.apple.product-type.application.watchapp";
		};
/* End PBXNativeTarget section */

/* Begin PBXProject section */
		947318A81BD3E4A5007189D7 /* Project object */ = {
			isa = PBXProject;
			attributes = {
				LastUpgradeCheck = 0700;
				ORGANIZATIONNAME = Maxim;
				TargetAttributes = {
					947318AF1BD3E4A5007189D7 = {
						CreatedOnToolsVersion = 7.0.1;
						DevelopmentTeam = 828XSMPA74;
						SystemCapabilities = {
							com.apple.ApplicationGroups.iOS = {
								enabled = 1;
							};
						};
					};
					947318CB1BD3E583007189D7 = {
						CreatedOnToolsVersion = 7.0.1;
						DevelopmentTeam = 828XSMPA74;
						SystemCapabilities = {
							com.apple.ApplicationGroups.iOS = {
								enabled = 1;
							};
						};
					};
					947318E11BD3E5F2007189D7 = {
						CreatedOnToolsVersion = 7.0.1;
						DevelopmentTeam = 828XSMPA74;
						SystemCapabilities = {
							com.apple.ApplicationGroups.iOS = {
								enabled = 1;
							};
						};
					};
					947318EA1BD3E5F2007189D7 = {
						CreatedOnToolsVersion = 7.0.1;
						DevelopmentTeam = 828XSMPA74;
						SystemCapabilities = {
							com.apple.ApplicationGroups.iOS = {
								enabled = 1;
							};
						};
					};
				};
			};
			buildConfigurationList = 947318AB1BD3E4A5007189D7 /* Build configuration list for PBXProject "TutorialAppGroup" */;
			compatibilityVersion = "Xcode 3.2";
			developmentRegion = English;
			hasScannedForEncodings = 0;
			knownRegions = (
				en,
				Base,
			);
			mainGroup = 947318A71BD3E4A5007189D7;
			productRefGroup = 947318B11BD3E4A5007189D7 /* Products */;
			projectDirPath = "";
			projectRoot = "";
			targets = (
				947318AF1BD3E4A5007189D7 /* TutorialAppGroup */,
				947318CB1BD3E583007189D7 /* TutorialAppGroup Today Extension */,
				947318E11BD3E5F2007189D7 /* TutorialAppGroup WatchKit 1 Extension */,
				947318EA1BD3E5F2007189D7 /* TutorialAppGroup WatchKit 1 App */,
			);
		};
/* End PBXProject section */

/* Begin PBXResourcesBuildPhase section */
		947318AE1BD3E4A5007189D7 /* Resources */ = {
			isa = PBXResourcesBuildPhase;
			buildActionMask = 2147483647;
			files = (
				947318C11BD3E4A5007189D7 /* LaunchScreen.storyboard in Resources */,
				947318BE1BD3E4A5007189D7 /* Assets.xcassets in Resources */,
				947318B91BD3E4A5007189D7 /* Main.storyboard in Resources */,
			);
			runOnlyForDeploymentPostprocessing = 0;
		};
		947318CA1BD3E583007189D7 /* Resources */ = {
			isa = PBXResourcesBuildPhase;
			buildActionMask = 2147483647;
			files = (
				947318D51BD3E583007189D7 /* MainInterface.storyboard in Resources */,
			);
			runOnlyForDeploymentPostprocessing = 0;
		};
		947318E01BD3E5F2007189D7 /* Resources */ = {
			isa = PBXResourcesBuildPhase;
			buildActionMask = 2147483647;
			files = (
				947318E71BD3E5F2007189D7 /* Assets.xcassets in Resources */,
				947318EC1BD3E5F2007189D7 /* TutorialAppGroup WatchKit 1 App.app in Resources */,
			);
			runOnlyForDeploymentPostprocessing = 0;
		};
		947318E91BD3E5F2007189D7 /* Resources */ = {
			isa = PBXResourcesBuildPhase;
			buildActionMask = 2147483647;
			files = (
				947318F41BD3E5F2007189D7 /* Assets.xcassets in Resources */,
				947318F21BD3E5F2007189D7 /* Interface.storyboard in Resources */,
			);
			runOnlyForDeploymentPostprocessing = 0;
		};
/* End PBXResourcesBuildPhase section */

/* Begin PBXSourcesBuildPhase section */
		947318AC1BD3E4A5007189D7 /* Sources */ = {
			isa = PBXSourcesBuildPhase;
			buildActionMask = 2147483647;
			files = (
				947319071BD3F2E4007189D7 /* CoreDataStorage.swift in Sources */,
				9473190C1BD3F513007189D7 /* Counter+CoreDataProperties.swift in Sources */,
				9473190F1BD3F513007189D7 /* Counter.swift in Sources */,
				947318B61BD3E4A5007189D7 /* ViewController.swift in Sources */,
				947318BC1BD3E4A5007189D7 /* TutorialAppGroup.xcdatamodeld in Sources */,
				947318B41BD3E4A5007189D7 /* AppDelegate.swift in Sources */,
			);
			runOnlyForDeploymentPostprocessing = 0;
		};
		947318C81BD3E583007189D7 /* Sources */ = {
			isa = PBXSourcesBuildPhase;
			buildActionMask = 2147483647;
			files = (
				947319101BD3F513007189D7 /* Counter.swift in Sources */,
				9473190D1BD3F513007189D7 /* Counter+CoreDataProperties.swift in Sources */,
				947319081BD3F2E4007189D7 /* CoreDataStorage.swift in Sources */,
				947318D21BD3E583007189D7 /* TodayViewController.swift in Sources */,
				947319031BD3F295007189D7 /* TutorialAppGroup.xcdatamodeld in Sources */,
			);
			runOnlyForDeploymentPostprocessing = 0;
		};
		947318DE1BD3E5F2007189D7 /* Sources */ = {
			isa = PBXSourcesBuildPhase;
			buildActionMask = 2147483647;
			files = (
				947319111BD3F513007189D7 /* Counter.swift in Sources */,
				9473190E1BD3F513007189D7 /* Counter+CoreDataProperties.swift in Sources */,
				947319091BD3F2E4007189D7 /* CoreDataStorage.swift in Sources */,
				947318E51BD3E5F2007189D7 /* InterfaceController.swift in Sources */,
				947319041BD3F296007189D7 /* TutorialAppGroup.xcdatamodeld in Sources */,
			);
			runOnlyForDeploymentPostprocessing = 0;
		};
/* End PBXSourcesBuildPhase section */

/* Begin PBXTargetDependency section */
		947318D81BD3E583007189D7 /* PBXTargetDependency */ = {
			isa = PBXTargetDependency;
			target = 947318CB1BD3E583007189D7 /* TutorialAppGroup Today Extension */;
			targetProxy = 947318D71BD3E583007189D7 /* PBXContainerItemProxy */;
		};
		947318EE1BD3E5F2007189D7 /* PBXTargetDependency */ = {
			isa = PBXTargetDependency;
			target = 947318EA1BD3E5F2007189D7 /* TutorialAppGroup WatchKit 1 App */;
			targetProxy = 947318ED1BD3E5F2007189D7 /* PBXContainerItemProxy */;
		};
		947318F71BD3E5F2007189D7 /* PBXTargetDependency */ = {
			isa = PBXTargetDependency;
			target = 947318E11BD3E5F2007189D7 /* TutorialAppGroup WatchKit 1 Extension */;
			targetProxy = 947318F61BD3E5F2007189D7 /* PBXContainerItemProxy */;
		};
/* End PBXTargetDependency section */

/* Begin PBXVariantGroup section */
		947318B71BD3E4A5007189D7 /* Main.storyboard */ = {
			isa = PBXVariantGroup;
			children = (
				947318B81BD3E4A5007189D7 /* Base */,
			);
			name = Main.storyboard;
			sourceTree = "<group>";
		};
		947318BF1BD3E4A5007189D7 /* LaunchScreen.storyboard */ = {
			isa = PBXVariantGroup;
			children = (
				947318C01BD3E4A5007189D7 /* Base */,
			);
			name = LaunchScreen.storyboard;
			sourceTree = "<group>";
		};
		947318D31BD3E583007189D7 /* MainInterface.storyboard */ = {
			isa = PBXVariantGroup;
			children = (
				947318D41BD3E583007189D7 /* Base */,
			);
			name = MainInterface.storyboard;
			sourceTree = "<group>";
		};
		947318F01BD3E5F2007189D7 /* Interface.storyboard */ = {
			isa = PBXVariantGroup;
			children = (
				947318F11BD3E5F2007189D7 /* Base */,
			);
			name = Interface.storyboard;
			sourceTree = "<group>";
		};
/* End PBXVariantGroup section */

/* Begin XCBuildConfiguration section */
		947318C31BD3E4A5007189D7 /* Debug */ = {
			isa = XCBuildConfiguration;
			buildSettings = {
				ALWAYS_SEARCH_USER_PATHS = NO;
				CLANG_CXX_LANGUAGE_STANDARD = "gnu++0x";
				CLANG_CXX_LIBRARY = "libc++";
				CLANG_ENABLE_MODULES = YES;
				CLANG_ENABLE_OBJC_ARC = YES;
				CLANG_WARN_BOOL_CONVERSION = YES;
				CLANG_WARN_CONSTANT_CONVERSION = YES;
				CLANG_WARN_DIRECT_OBJC_ISA_USAGE = YES_ERROR;
				CLANG_WARN_EMPTY_BODY = YES;
				CLANG_WARN_ENUM_CONVERSION = YES;
				CLANG_WARN_INT_CONVERSION = YES;
				CLANG_WARN_OBJC_ROOT_CLASS = YES_ERROR;
				CLANG_WARN_UNREACHABLE_CODE = YES;
				CLANG_WARN__DUPLICATE_METHOD_MATCH = YES;
				"CODE_SIGN_IDENTITY[sdk=iphoneos*]" = "iPhone Developer";
				COPY_PHASE_STRIP = NO;
				DEBUG_INFORMATION_FORMAT = dwarf;
				ENABLE_STRICT_OBJC_MSGSEND = YES;
				ENABLE_TESTABILITY = YES;
				GCC_C_LANGUAGE_STANDARD = gnu99;
				GCC_DYNAMIC_NO_PIC = NO;
				GCC_NO_COMMON_BLOCKS = YES;
				GCC_OPTIMIZATION_LEVEL = 0;
				GCC_PREPROCESSOR_DEFINITIONS = (
					"DEBUG=1",
					"$(inherited)",
				);
				GCC_WARN_64_TO_32_BIT_CONVERSION = YES;
				GCC_WARN_ABOUT_RETURN_TYPE = YES_ERROR;
				GCC_WARN_UNDECLARED_SELECTOR = YES;
				GCC_WARN_UNINITIALIZED_AUTOS = YES_AGGRESSIVE;
				GCC_WARN_UNUSED_FUNCTION = YES;
				GCC_WARN_UNUSED_VARIABLE = YES;
				IPHONEOS_DEPLOYMENT_TARGET = 9.0;
				MTL_ENABLE_DEBUG_INFO = YES;
				ONLY_ACTIVE_ARCH = YES;
				SDKROOT = iphoneos;
				SWIFT_OPTIMIZATION_LEVEL = "-Onone";
				TARGETED_DEVICE_FAMILY = "1,2";
			};
			name = Debug;
		};
		947318C41BD3E4A5007189D7 /* Release */ = {
			isa = XCBuildConfiguration;
			buildSettings = {
				ALWAYS_SEARCH_USER_PATHS = NO;
				CLANG_CXX_LANGUAGE_STANDARD = "gnu++0x";
				CLANG_CXX_LIBRARY = "libc++";
				CLANG_ENABLE_MODULES = YES;
				CLANG_ENABLE_OBJC_ARC = YES;
				CLANG_WARN_BOOL_CONVERSION = YES;
				CLANG_WARN_CONSTANT_CONVERSION = YES;
				CLANG_WARN_DIRECT_OBJC_ISA_USAGE = YES_ERROR;
				CLANG_WARN_EMPTY_BODY = YES;
				CLANG_WARN_ENUM_CONVERSION = YES;
				CLANG_WARN_INT_CONVERSION = YES;
				CLANG_WARN_OBJC_ROOT_CLASS = YES_ERROR;
				CLANG_WARN_UNREACHABLE_CODE = YES;
				CLANG_WARN__DUPLICATE_METHOD_MATCH = YES;
				"CODE_SIGN_IDENTITY[sdk=iphoneos*]" = "iPhone Developer";
				COPY_PHASE_STRIP = NO;
				DEBUG_INFORMATION_FORMAT = "dwarf-with-dsym";
				ENABLE_NS_ASSERTIONS = NO;
				ENABLE_STRICT_OBJC_MSGSEND = YES;
				GCC_C_LANGUAGE_STANDARD = gnu99;
				GCC_NO_COMMON_BLOCKS = YES;
				GCC_WARN_64_TO_32_BIT_CONVERSION = YES;
				GCC_WARN_ABOUT_RETURN_TYPE = YES_ERROR;
				GCC_WARN_UNDECLARED_SELECTOR = YES;
				GCC_WARN_UNINITIALIZED_AUTOS = YES_AGGRESSIVE;
				GCC_WARN_UNUSED_FUNCTION = YES;
				GCC_WARN_UNUSED_VARIABLE = YES;
				IPHONEOS_DEPLOYMENT_TARGET = 9.0;
				MTL_ENABLE_DEBUG_INFO = NO;
				SDKROOT = iphoneos;
				TARGETED_DEVICE_FAMILY = "1,2";
				VALIDATE_PRODUCT = YES;
			};
			name = Release;
		};
		947318C61BD3E4A5007189D7 /* Debug */ = {
			isa = XCBuildConfiguration;
			buildSettings = {
				ASSETCATALOG_COMPILER_APPICON_NAME = AppIcon;
				CODE_SIGN_ENTITLEMENTS = TutorialAppGroup/TutorialAppGroup.entitlements;
				CODE_SIGN_IDENTITY = "iPhone Developer: Maxim Bilan (HXGL6HW737)";
				"CODE_SIGN_IDENTITY[sdk=iphoneos*]" = "iPhone Developer: Maxim Bilan (HXGL6HW737)";
				EMBEDDED_CONTENT_CONTAINS_SWIFT = YES;
				INFOPLIST_FILE = TutorialAppGroup/Info.plist;
				LD_RUNPATH_SEARCH_PATHS = "$(inherited) @executable_path/Frameworks";
				PRODUCT_BUNDLE_IDENTIFIER = com.maximbilan.tutorialappgroup.TutorialAppGroup;
				PRODUCT_NAME = "$(TARGET_NAME)";
				PROVISIONING_PROFILE = "";
			};
			name = Debug;
		};
		947318C71BD3E4A5007189D7 /* Release */ = {
			isa = XCBuildConfiguration;
			buildSettings = {
				ASSETCATALOG_COMPILER_APPICON_NAME = AppIcon;
				CODE_SIGN_ENTITLEMENTS = TutorialAppGroup/TutorialAppGroup.entitlements;
				CODE_SIGN_IDENTITY = "iPhone Developer: Maxim Bilan (HXGL6HW737)";
				"CODE_SIGN_IDENTITY[sdk=iphoneos*]" = "iPhone Developer: Maxim Bilan (HXGL6HW737)";
				EMBEDDED_CONTENT_CONTAINS_SWIFT = YES;
				INFOPLIST_FILE = TutorialAppGroup/Info.plist;
				LD_RUNPATH_SEARCH_PATHS = "$(inherited) @executable_path/Frameworks";
				PRODUCT_BUNDLE_IDENTIFIER = com.maximbilan.tutorialappgroup.TutorialAppGroup;
				PRODUCT_NAME = "$(TARGET_NAME)";
				PROVISIONING_PROFILE = "";
			};
			name = Release;
		};
		947318DB1BD3E583007189D7 /* Debug */ = {
			isa = XCBuildConfiguration;
			buildSettings = {
				CODE_SIGN_ENTITLEMENTS = "TutorialAppGroup Today Extension/TutorialAppGroup Today Extension.entitlements";
				CODE_SIGN_IDENTITY = "iPhone Developer: Maxim Bilan (HXGL6HW737)";
				"CODE_SIGN_IDENTITY[sdk=iphoneos*]" = "iPhone Developer: Maxim Bilan (HXGL6HW737)";
				INFOPLIST_FILE = "$(SRCROOT)/TutorialAppGroup Today Extension/Info.plist";
				LD_RUNPATH_SEARCH_PATHS = "$(inherited) @executable_path/Frameworks @executable_path/../../Frameworks";
				PRODUCT_BUNDLE_IDENTIFIER = "com.maximbilan.tutorialappgroup.Tutorial-App-Group-Today-Extension";
				PRODUCT_NAME = "$(TARGET_NAME)";
				PROVISIONING_PROFILE = "";
				SKIP_INSTALL = YES;
			};
			name = Debug;
		};
		947318DC1BD3E583007189D7 /* Release */ = {
			isa = XCBuildConfiguration;
			buildSettings = {
				CODE_SIGN_ENTITLEMENTS = "TutorialAppGroup Today Extension/TutorialAppGroup Today Extension.entitlements";
				CODE_SIGN_IDENTITY = "iPhone Developer: Maxim Bilan (HXGL6HW737)";
				"CODE_SIGN_IDENTITY[sdk=iphoneos*]" = "iPhone Developer: Maxim Bilan (HXGL6HW737)";
				INFOPLIST_FILE = "$(SRCROOT)/TutorialAppGroup Today Extension/Info.plist";
				LD_RUNPATH_SEARCH_PATHS = "$(inherited) @executable_path/Frameworks @executable_path/../../Frameworks";
				PRODUCT_BUNDLE_IDENTIFIER = "com.maximbilan.tutorialappgroup.Tutorial-App-Group-Today-Extension";
				PRODUCT_NAME = "$(TARGET_NAME)";
				PROVISIONING_PROFILE = "";
				SKIP_INSTALL = YES;
			};
			name = Release;
		};
		947318FA1BD3E5F2007189D7 /* Debug */ = {
			isa = XCBuildConfiguration;
			buildSettings = {
				ASSETCATALOG_COMPILER_APPICON_NAME = AppIcon;
				CODE_SIGN_ENTITLEMENTS = "TutorialAppGroup WatchKit 1 App/TutorialAppGroup WatchKit 1 App.entitlements";
				CODE_SIGN_IDENTITY = "iPhone Developer: Maxim Bilan (HXGL6HW737)";
				"CODE_SIGN_IDENTITY[sdk=iphoneos*]" = "iPhone Developer: Maxim Bilan (HXGL6HW737)";
				IBSC_MODULE = TutorialAppGroup_WatchKit_1_Extension;
				INFOPLIST_FILE = "TutorialAppGroup WatchKit 1 App/Info.plist";
				IPHONEOS_DEPLOYMENT_TARGET = 8.2;
				PRODUCT_BUNDLE_IDENTIFIER = com.maximbilan.tutorialappgroup.watchkitapp;
				PRODUCT_NAME = "$(TARGET_NAME)";
				PROVISIONING_PROFILE = "";
				SKIP_INSTALL = YES;
				TARGETED_DEVICE_FAMILY = 4;
				"TARGETED_DEVICE_FAMILY[sdk=iphonesimulator*]" = "1,4";
			};
			name = Debug;
		};
		947318FB1BD3E5F2007189D7 /* Release */ = {
			isa = XCBuildConfiguration;
			buildSettings = {
				ASSETCATALOG_COMPILER_APPICON_NAME = AppIcon;
				CODE_SIGN_ENTITLEMENTS = "TutorialAppGroup WatchKit 1 App/TutorialAppGroup WatchKit 1 App.entitlements";
				CODE_SIGN_IDENTITY = "iPhone Developer: Maxim Bilan (HXGL6HW737)";
				"CODE_SIGN_IDENTITY[sdk=iphoneos*]" = "iPhone Developer: Maxim Bilan (HXGL6HW737)";
				IBSC_MODULE = TutorialAppGroup_WatchKit_1_Extension;
				INFOPLIST_FILE = "TutorialAppGroup WatchKit 1 App/Info.plist";
				IPHONEOS_DEPLOYMENT_TARGET = 8.2;
				PRODUCT_BUNDLE_IDENTIFIER = com.maximbilan.tutorialappgroup.watchkitapp;
				PRODUCT_NAME = "$(TARGET_NAME)";
				PROVISIONING_PROFILE = "";
				SKIP_INSTALL = YES;
				TARGETED_DEVICE_FAMILY = 4;
				"TARGETED_DEVICE_FAMILY[sdk=iphonesimulator*]" = "1,4";
			};
			name = Release;
		};
		947318FD1BD3E5F2007189D7 /* Debug */ = {
			isa = XCBuildConfiguration;
			buildSettings = {
				CODE_SIGN_ENTITLEMENTS = "TutorialAppGroup WatchKit 1 Extension/TutorialAppGroup WatchKit 1 Extension.entitlements";
				CODE_SIGN_IDENTITY = "iPhone Developer: Maxim Bilan (HXGL6HW737)";
				"CODE_SIGN_IDENTITY[sdk=iphoneos*]" = "iPhone Developer: Maxim Bilan (HXGL6HW737)";
				INFOPLIST_FILE = "TutorialAppGroup WatchKit 1 Extension/Info.plist";
				LD_RUNPATH_SEARCH_PATHS = "$(inherited) @executable_path/Frameworks @executable_path/../../Frameworks";
				PRODUCT_BUNDLE_IDENTIFIER = com.maximbilan.tutorialappgroup.watchkitextension;
				PRODUCT_NAME = "${TARGET_NAME}";
				PROVISIONING_PROFILE = "";
				SKIP_INSTALL = YES;
			};
			name = Debug;
		};
		947318FE1BD3E5F2007189D7 /* Release */ = {
			isa = XCBuildConfiguration;
			buildSettings = {
				CODE_SIGN_ENTITLEMENTS = "TutorialAppGroup WatchKit 1 Extension/TutorialAppGroup WatchKit 1 Extension.entitlements";
				CODE_SIGN_IDENTITY = "iPhone Developer: Maxim Bilan (HXGL6HW737)";
				"CODE_SIGN_IDENTITY[sdk=iphoneos*]" = "iPhone Developer: Maxim Bilan (HXGL6HW737)";
				INFOPLIST_FILE = "TutorialAppGroup WatchKit 1 Extension/Info.plist";
				LD_RUNPATH_SEARCH_PATHS = "$(inherited) @executable_path/Frameworks @executable_path/../../Frameworks";
				PRODUCT_BUNDLE_IDENTIFIER = com.maximbilan.tutorialappgroup.watchkitextension;
				PRODUCT_NAME = "${TARGET_NAME}";
				PROVISIONING_PROFILE = "";
				SKIP_INSTALL = YES;
			};
			name = Release;
		};
/* End XCBuildConfiguration section */

/* Begin XCConfigurationList section */
		947318AB1BD3E4A5007189D7 /* Build configuration list for PBXProject "TutorialAppGroup" */ = {
			isa = XCConfigurationList;
			buildConfigurations = (
				947318C31BD3E4A5007189D7 /* Debug */,
				947318C41BD3E4A5007189D7 /* Release */,
			);
			defaultConfigurationIsVisible = 0;
			defaultConfigurationName = Release;
		};
		947318C51BD3E4A5007189D7 /* Build configuration list for PBXNativeTarget "TutorialAppGroup" */ = {
			isa = XCConfigurationList;
			buildConfigurations = (
				947318C61BD3E4A5007189D7 /* Debug */,
				947318C71BD3E4A5007189D7 /* Release */,
			);
			defaultConfigurationIsVisible = 0;
			defaultConfigurationName = Release;
		};
		947318DA1BD3E583007189D7 /* Build configuration list for PBXNativeTarget "TutorialAppGroup Today Extension" */ = {
			isa = XCConfigurationList;
			buildConfigurations = (
				947318DB1BD3E583007189D7 /* Debug */,
				947318DC1BD3E583007189D7 /* Release */,
			);
			defaultConfigurationIsVisible = 0;
			defaultConfigurationName = Release;
		};
		947318F91BD3E5F2007189D7 /* Build configuration list for PBXNativeTarget "TutorialAppGroup WatchKit 1 App" */ = {
			isa = XCConfigurationList;
			buildConfigurations = (
				947318FA1BD3E5F2007189D7 /* Debug */,
				947318FB1BD3E5F2007189D7 /* Release */,
			);
			defaultConfigurationIsVisible = 0;
			defaultConfigurationName = Release;
		};
		947318FC1BD3E5F2007189D7 /* Build configuration list for PBXNativeTarget "TutorialAppGroup WatchKit 1 Extension" */ = {
			isa = XCConfigurationList;
			buildConfigurations = (
				947318FD1BD3E5F2007189D7 /* Debug */,
				947318FE1BD3E5F2007189D7 /* Release */,
			);
			defaultConfigurationIsVisible = 0;
			defaultConfigurationName = Release;
		};
/* End XCConfigurationList section */

/* Begin XCVersionGroup section */
		947318BA1BD3E4A5007189D7 /* TutorialAppGroup.xcdatamodeld */ = {
			isa = XCVersionGroup;
			children = (
				947318BB1BD3E4A5007189D7 /* TutorialAppGroup.xcdatamodel */,
			);
			currentVersion = 947318BB1BD3E4A5007189D7 /* TutorialAppGroup.xcdatamodel */;
			path = TutorialAppGroup.xcdatamodeld;
			sourceTree = "<group>";
			versionGroupType = wrapper.xcdatamodel;
		};
/* End XCVersionGroup section */
	};
	rootObject = 947318A81BD3E4A5007189D7 /* Project object */;
}
